// !$*UTF8*$!
{
	archiveVersion = 1;
	classes = {
	};
	objectVersion = 46;
	objects = {

/* Begin PBXBuildFile section */
		4702FA161DAC8F0700302759 /* main.m in Sources */ = {isa = PBXBuildFile; fileRef = 4702FA151DAC8F0700302759 /* main.m */; };
		4702FA191DAC8F0700302759 /* AppDelegate.m in Sources */ = {isa = PBXBuildFile; fileRef = 4702FA181DAC8F0700302759 /* AppDelegate.m */; };
		4702FA1C1DAC8F0700302759 /* ViewController.m in Sources */ = {isa = PBXBuildFile; fileRef = 4702FA1B1DAC8F0700302759 /* ViewController.m */; };
		4702FA1F1DAC8F0700302759 /* Main.storyboard in Resources */ = {isa = PBXBuildFile; fileRef = 4702FA1D1DAC8F0700302759 /* Main.storyboard */; };
		4702FA211DAC8F0700302759 /* Assets.xcassets in Resources */ = {isa = PBXBuildFile; fileRef = 4702FA201DAC8F0700302759 /* Assets.xcassets */; };
		4702FA241DAC8F0700302759 /* LaunchScreen.storyboard in Resources */ = {isa = PBXBuildFile; fileRef = 4702FA221DAC8F0700302759 /* LaunchScreen.storyboard */; };
		4702FA301DAC963A00302759 /* ClickTextView.m in Sources */ = {isa = PBXBuildFile; fileRef = 4702FA2F1DAC963A00302759 /* ClickTextView.m */; };
/* End PBXBuildFile section */

/* Begin PBXFileReference section */
		4702FA111DAC8F0700302759 /* ClickTextViewPart.app */ = {isa = PBXFileReference; explicitFileType = wrapper.application; includeInIndex = 0; path = ClickTextViewPart.app; sourceTree = BUILT_PRODUCTS_DIR; };
		4702FA151DAC8F0700302759 /* main.m */ = {isa = PBXFileReference; lastKnownFileType = sourcecode.c.objc; path = main.m; sourceTree = "<group>"; };
		4702FA171DAC8F0700302759 /* AppDelegate.h */ = {isa = PBXFileReference; lastKnownFileType = sourcecode.c.h; path = AppDelegate.h; sourceTree = "<group>"; };
		4702FA181DAC8F0700302759 /* AppDelegate.m */ = {isa = PBXFileReference; lastKnownFileType = sourcecode.c.objc; path = AppDelegate.m; sourceTree = "<group>"; };
		4702FA1A1DAC8F0700302759 /* ViewController.h */ = {isa = PBXFileReference; lastKnownFileType = sourcecode.c.h; path = ViewController.h; sourceTree = "<group>"; };
		4702FA1B1DAC8F0700302759 /* ViewController.m */ = {isa = PBXFileReference; lastKnownFileType = sourcecode.c.objc; path = ViewController.m; sourceTree = "<group>"; };
		4702FA1E1DAC8F0700302759 /* Base */ = {isa = PBXFileReference; lastKnownFileType = file.storyboard; name = Base; path = Base.lproj/Main.storyboard; sourceTree = "<group>"; };
		4702FA201DAC8F0700302759 /* Assets.xcassets */ = {isa = PBXFileReference; lastKnownFileType = folder.assetcatalog; path = Assets.xcassets; sourceTree = "<group>"; };
		4702FA231DAC8F0700302759 /* Base */ = {isa = PBXFileReference; lastKnownFileType = file.storyboard; name = Base; path = Base.lproj/LaunchScreen.storyboard; sourceTree = "<group>"; };
		4702FA251DAC8F0700302759 /* Info.plist */ = {isa = PBXFileReference; lastKnownFileType = text.plist.xml; path = Info.plist; sourceTree = "<group>"; };
		4702FA2E1DAC963A00302759 /* ClickTextView.h */ = {isa = PBXFileReference; fileEncoding = 4; lastKnownFileType = sourcecode.c.h; path = ClickTextView.h; sourceTree = "<group>"; };
		4702FA2F1DAC963A00302759 /* ClickTextView.m */ = {isa = PBXFileReference; fileEncoding = 4; lastKnownFileType = sourcecode.c.objc; path = ClickTextView.m; sourceTree = "<group>"; };
/* End PBXFileReference section */

/* Begin PBXFrameworksBuildPhase section */
		4702FA0E1DAC8F0700302759 /* Frameworks */ = {
			isa = PBXFrameworksBuildPhase;
			buildActionMask = 2147483647;
			files = (
			);
			runOnlyForDeploymentPostprocessing = 0;
		};
/* End PBXFrameworksBuildPhase section */

/* Begin PBXGroup section */
		4702FA081DAC8F0700302759 = {
			isa = PBXGroup;
			children = (
				4702FA131DAC8F0700302759 /* ClickTextViewPart */,
				4702FA121DAC8F0700302759 /* Products */,
			);
			sourceTree = "<group>";
		};
		4702FA121DAC8F0700302759 /* Products */ = {
			isa = PBXGroup;
			children = (
				4702FA111DAC8F0700302759 /* ClickTextViewPart.app */,
			);
			name = Products;
			sourceTree = "<group>";
		};
		4702FA131DAC8F0700302759 /* ClickTextViewPart */ = {
			isa = PBXGroup;
			children = (
				4702FA171DAC8F0700302759 /* AppDelegate.h */,
				4702FA181DAC8F0700302759 /* AppDelegate.m */,
				4702FA1A1DAC8F0700302759 /* ViewController.h */,
				4702FA1B1DAC8F0700302759 /* ViewController.m */,
				4702FA2E1DAC963A00302759 /* ClickTextView.h */,
				4702FA2F1DAC963A00302759 /* ClickTextView.m */,
				4702FA1D1DAC8F0700302759 /* Main.storyboard */,
				4702FA201DAC8F0700302759 /* Assets.xcassets */,
				4702FA221DAC8F0700302759 /* LaunchScreen.storyboard */,
				4702FA251DAC8F0700302759 /* Info.plist */,
				4702FA141DAC8F0700302759 /* Supporting Files */,
			);
			path = ClickTextViewPart;
			sourceTree = "<group>";
		};
		4702FA141DAC8F0700302759 /* Supporting Files */ = {
			isa = PBXGroup;
			children = (
				4702FA151DAC8F0700302759 /* main.m */,
			);
			name = "Supporting Files";
			sourceTree = "<group>";
		};
/* End PBXGroup section */

/* Begin PBXNativeTarget section */
		4702FA101DAC8F0700302759 /* ClickTextViewPart */ = {
			isa = PBXNativeTarget;
			buildConfigurationList = 4702FA281DAC8F0700302759 /* Build configuration list for PBXNativeTarget "ClickTextViewPart" */;
			buildPhases = (
				4702FA0D1DAC8F0700302759 /* Sources */,
				4702FA0E1DAC8F0700302759 /* Frameworks */,
				4702FA0F1DAC8F0700302759 /* Resources */,
			);
			buildRules = (
			);
			dependencies = (
			);
			name = ClickTextViewPart;
			productName = ClickTextViewPart;
			productReference = 4702FA111DAC8F0700302759 /* ClickTextViewPart.app */;
			productType = "com.apple.product-type.application";
		};
/* End PBXNativeTarget section */

/* Begin PBXProject section */
		4702FA091DAC8F0700302759 /* Project object */ = {
			isa = PBXProject;
			attributes = {
				LastUpgradeCheck = 0800;
				ORGANIZATIONNAME = zhangyan;
				TargetAttributes = {
					4702FA101DAC8F0700302759 = {
						CreatedOnToolsVersion = 8.0;
						DevelopmentTeam = BY48QUJK83;
						ProvisioningStyle = Automatic;
					};
				};
			};
			buildConfigurationList = 4702FA0C1DAC8F0700302759 /* Build configuration list for PBXProject "ClickTextViewPart" */;
			compatibilityVersion = "Xcode 3.2";
			developmentRegion = English;
			hasScannedForEncodings = 0;
			knownRegions = (
				en,
				Base,
			);
			mainGroup = 4702FA081DAC8F0700302759;
			productRefGroup = 4702FA121DAC8F0700302759 /* Products */;
			projectDirPath = "";
			projectRoot = "";
			targets = (
				4702FA101DAC8F0700302759 /* ClickTextViewPart */,
			);
		};
/* End PBXProject section */

/* Begin PBXResourcesBuildPhase section */
		4702FA0F1DAC8F0700302759 /* Resources */ = {
			isa = PBXResourcesBuildPhase;
			buildActionMask = 2147483647;
			files = (
				4702FA241DAC8F0700302759 /* LaunchScreen.storyboard in Resources */,
				4702FA211DAC8F0700302759 /* Assets.xcassets in Resources */,
				4702FA1F1DAC8F0700302759 /* Main.storyboard in Resources */,
			);
			runOnlyForDeploymentPostprocessing = 0;
		};
/* End PBXResourcesBuildPhase section */

/* Begin PBXSourcesBuildPhase section */
		4702FA0D1DAC8F0700302759 /* Sources */ = {
			isa = PBXSourcesBuildPhase;
			buildActionMask = 2147483647;
			files = (
				4702FA301DAC963A00302759 /* ClickTextView.m in Sources */,
				4702FA1C1DAC8F0700302759 /* ViewController.m in Sources */,
				4702FA191DAC8F0700302759 /* AppDelegate.m in Sources */,
				4702FA161DAC8F0700302759 /* main.m in Sources */,
			);
			runOnlyForDeploymentPostprocessing = 0;
		};
/* End PBXSourcesBuildPhase section */

/* Begin PBXVariantGroup section */
		4702FA1D1DAC8F0700302759 /* Main.storyboard */ = {
			isa = PBXVariantGroup;
			children = (
				4702FA1E1DAC8F0700302759 /* Base */,
			);
			name = Main.storyboard;
			sourceTree = "<group>";
		};
		4702FA221DAC8F0700302759 /* LaunchScreen.storyboard */ = {
			isa = PBXVariantGroup;
			children = (
				4702FA231DAC8F0700302759 /* Base */,
			);
			name = LaunchScreen.storyboard;
			sourceTree = "<group>";
		};
/* End PBXVariantGroup section */

/* Begin XCBuildConfiguration section */
		4702FA261DAC8F0700302759 /* Debug */ = {
			isa = XCBuildConfiguration;
			buildSettings = {
				ALWAYS_SEARCH_USER_PATHS = NO;
				CLANG_ANALYZER_NONNULL = YES;
				CLANG_CXX_LANGUAGE_STANDARD = "gnu++0x";
				CLANG_CXX_LIBRARY = "libc++";
				CLANG_ENABLE_MODULES = YES;
				CLANG_ENABLE_OBJC_ARC = YES;
				CLANG_WARN_BOOL_CONVERSION = YES;
				CLANG_WARN_CONSTANT_CONVERSION = YES;
				CLANG_WARN_DIRECT_OBJC_ISA_USAGE = YES_ERROR;
				CLANG_WARN_DOCUMENTATION_COMMENTS = YES;
				CLANG_WARN_EMPTY_BODY = YES;
				CLANG_WARN_ENUM_CONVERSION = YES;
				CLANG_WARN_INFINITE_RECURSION = YES;
				CLANG_WARN_INT_CONVERSION = YES;
				CLANG_WARN_OBJC_ROOT_CLASS = YES_ERROR;
				CLANG_WARN_SUSPICIOUS_MOVES = YES;
				CLANG_WARN_UNREACHABLE_CODE = YES;
				CLANG_WARN__DUPLICATE_METHOD_MATCH = YES;
				"CODE_SIGN_IDENTITY[sdk=iphoneos*]" = "iPhone Developer";
				COPY_PHASE_STRIP = NO;
				DEBUG_INFORMATION_FORMAT = dwarf;
				ENABLE_STRICT_OBJC_MSGSEND = YES;
				ENABLE_TESTABILITY = YES;
				GCC_C_LANGUAGE_STANDARD = gnu99;
				GCC_DYNAMIC_NO_PIC = NO;
				GCC_NO_COMMON_BLOCKS = YES;
				GCC_OPTIMIZATION_LEVEL = 0;
				GCC_PREPROCESSOR_DEFINITIONS = (
					"DEBUG=1",
					"$(inherited)",
				);
				GCC_WARN_64_TO_32_BIT_CONVERSION = YES;
				GCC_WARN_ABOUT_RETURN_TYPE = YES_ERROR;
				GCC_WARN_UNDECLARED_SELECTOR = YES;
				GCC_WARN_UNINITIALIZED_AUTOS = YES_AGGRESSIVE;
				GCC_WARN_UNUSED_FUNCTION = YES;
				GCC_WARN_UNUSED_VARIABLE = YES;
				IPHONEOS_DEPLOYMENT_TARGET = 10.0;
				MTL_ENABLE_DEBUG_INFO = YES;
				ONLY_ACTIVE_ARCH = YES;
				SDKROOT = iphoneos;
			};
			name = Debug;
		};
		4702FA271DAC8F0700302759 /* Release */ = {
			isa = XCBuildConfiguration;
			buildSettings = {
				ALWAYS_SEARCH_USER_PATHS = NO;
				CLANG_ANALYZER_NONNULL = YES;
				CLANG_CXX_LANGUAGE_STANDARD = "gnu++0x";
				CLANG_CXX_LIBRARY = "libc++";
				CLANG_ENABLE_MODULES = YES;
				CLANG_ENABLE_OBJC_ARC = YES;
				CLANG_WARN_BOOL_CONVERSION = YES;
				CLANG_WARN_CONSTANT_CONVERSION = YES;
				CLANG_WARN_DIRECT_OBJC_ISA_USAGE = YES_ERROR;
				CLANG_WARN_DOCUMENTATION_COMMENTS = YES;
				CLANG_WARN_EMPTY_BODY = YES;
				CLANG_WARN_ENUM_CONVERSION = YES;
				CLANG_WARN_INFINITE_RECURSION = YES;
				CLANG_WARN_INT_CONVERSION = YES;
				CLANG_WARN_OBJC_ROOT_CLASS = YES_ERROR;
				CLANG_WARN_SUSPICIOUS_MOVES = YES;
				CLANG_WARN_UNREACHABLE_CODE = YES;
				CLANG_WARN__DUPLICATE_METHOD_MATCH = YES;
				"CODE_SIGN_IDENTITY[sdk=iphoneos*]" = "iPhone Developer";
				COPY_PHASE_STRIP = NO;
				DEBUG_INFORMATION_FORMAT = "dwarf-with-dsym";
				ENABLE_NS_ASSERTIONS = NO;
				ENABLE_STRICT_OBJC_MSGSEND = YES;
				GCC_C_LANGUAGE_STANDARD = gnu99;
				GCC_NO_COMMON_BLOCKS = YES;
				GCC_WARN_64_TO_32_BIT_CONVERSION = YES;
				GCC_WARN_ABOUT_RETURN_TYPE = YES_ERROR;
				GCC_WARN_UNDECLARED_SELECTOR = YES;
				GCC_WARN_UNINITIALIZED_AUTOS = YES_AGGRESSIVE;
				GCC_WARN_UNUSED_FUNCTION = YES;
				GCC_WARN_UNUSED_VARIABLE = YES;
				IPHONEOS_DEPLOYMENT_TARGET = 10.0;
				MTL_ENABLE_DEBUG_INFO = NO;
				SDKROOT = iphoneos;
				VALIDATE_PRODUCT = YES;
			};
			name = Release;
		};
		4702FA291DAC8F0700302759 /* Debug */ = {
			isa = XCBuildConfiguration;
			buildSettings = {
				ASSETCATALOG_COMPILER_APPICON_NAME = AppIcon;
				DEVELOPMENT_TEAM = BY48QUJK83;
				INFOPLIST_FILE = ClickTextViewPart/Info.plist;
				IPHONEOS_DEPLOYMENT_TARGET = 7.0;
				LD_RUNPATH_SEARCH_PATHS = "$(inherited) @executable_path/Frameworks";
				PRODUCT_BUNDLE_IDENTIFIER = com.yanzhang.ClickTextViewPart;
				PRODUCT_NAME = "$(TARGET_NAME)";
			};
			name = Debug;
		};
		4702FA2A1DAC8F0700302759 /* Release */ = {
			isa = XCBuildConfiguration;
			buildSettings = {
				ASSETCATALOG_COMPILER_APPICON_NAME = AppIcon;
				DEVELOPMENT_TEAM = BY48QUJK83;
				INFOPLIST_FILE = ClickTextViewPart/Info.plist;
				IPHONEOS_DEPLOYMENT_TARGET = 7.0;
				LD_RUNPATH_SEARCH_PATHS = "$(inherited) @executable_path/Frameworks";
				PRODUCT_BUNDLE_IDENTIFIER = com.yanzhang.ClickTextViewPart;
				PRODUCT_NAME = "$(TARGET_NAME)";
			};
			name = Release;
		};
/* End XCBuildConfiguration section */

/* Begin XCConfigurationList section */
		4702FA0C1DAC8F0700302759 /* Build configuration list for PBXProject "ClickTextViewPart" */ = {
			isa = XCConfigurationList;
			buildConfigurations = (
				4702FA261DAC8F0700302759 /* Debug */,
				4702FA271DAC8F0700302759 /* Release */,
			);
			defaultConfigurationIsVisible = 0;
			defaultConfigurationName = Release;
		};
		4702FA281DAC8F0700302759 /* Build configuration list for PBXNativeTarget "ClickTextViewPart" */ = {
			isa = XCConfigurationList;
			buildConfigurations = (
				4702FA291DAC8F0700302759 /* Debug */,
				4702FA2A1DAC8F0700302759 /* Release */,
			);
			defaultConfigurationIsVisible = 0;
			defaultConfigurationName = Release;
		};
/* End XCConfigurationList section */
	};
	rootObject = 4702FA091DAC8F0700302759 /* Project object */;
}
